# THIS IS AN AUTOGENERATED FILE. DO NOT EDIT THIS FILE DIRECTLY.
# yarn lockfile v1


"@types/node@*":
  version "13.7.7"
  resolved "https://registry.yarnpkg.com/@types/node/-/node-13.7.7.tgz#1628e6461ba8cc9b53196dfeaeec7b07fa6eea99"
  integrity sha512-Uo4chgKbnPNlxQwoFmYIwctkQVkMMmsAoGGU4JKwLuvBefF0pCq4FybNSnfkfRCpC7ZW7kttcC/TrRtAJsvGtg==

"@types/puppeteer@^2.0.1":
  version "2.0.1"
  resolved "https://registry.yarnpkg.com/@types/puppeteer/-/puppeteer-2.0.1.tgz#83a1d7f0a1c2e0edbbb488b4d8fb54b14ec9d455"
  integrity sha512-G8vEyU83Bios+dzs+DZGpAirDmMqRhfFBJCkFrg+A5+6n5EPPHxwBLImJto3qjh0mrBXbLBCyuahhhtTrAfR5g==
  dependencies:
    "@types/node" "*"

debug@^4.1.1:
  version "4.1.1"
  resolved "https://registry.yarnpkg.com/debug/-/debug-4.1.1.tgz#3b72260255109c6b589cee050f1d516139664791"
  integrity sha512-pYAIzeRo8J6KPEaJ0VWOh5Pzkbw/RetuzehGM7QRRX5he4fPHx2rdKMB256ehJCkX+XRQm16eZLqLNS8RSZXZw==
  dependencies:
    ms "^2.1.1"

fp-ts@^2.0.2, fp-ts@^2.5.3:
  version "2.5.3"
  resolved "https://registry.yarnpkg.com/fp-ts/-/fp-ts-2.5.3.tgz#7f09cc7f3e09623c6ade303d98a2cccdb2cc861f"
  integrity sha512-lQd+hahLd8cygNoXbEHDjH/cbF6XVWlEPb8h5GXXlozjCSDxWgclvkpOoTRfBA0P+r69l9VvW1nEsSGIJRQpWw==

io-ts-reporters@^1.0.0:
  version "1.0.0"
  resolved "https://registry.yarnpkg.com/io-ts-reporters/-/io-ts-reporters-1.0.0.tgz#c5901d49d454956698bbca48b328698f8ca1c9c7"
  integrity sha512-jjMvTnFYYxX3ue3cajmqCAf7sM4+lFvaaUuAL+otJv2DE+WDxYvQeCcUYveoq37rVSftJHZBEOrnvz3x0VdRXA==
  dependencies:
    fp-ts "^2.0.2"
    io-ts "^2.0.0"

io-ts@^2.0.0, io-ts@^2.1.2:
  version "2.1.2"
  resolved "https://registry.yarnpkg.com/io-ts/-/io-ts-2.1.2.tgz#8ea4439c902c3d15cda343900bed7ee5a9977f42"
  integrity sha512-whVRGaNBZSrkPrg1y+sSy/kv/fDjweQPP1UCLhKwJUHWGD6rFgbZ44FBF98JlY/FFzTA0MkhGeHWZ/aFhF42eA==

ms@^2.1.1:
  version "2.1.2"
  resolved "https://registry.yarnpkg.com/ms/-/ms-2.1.2.tgz#d09d1f357b443f493382a8eb3ccd183872ae6009"
  integrity sha512-sGkPx+VjMtmA6MX27oA4FBFELFCZZ4S4XqeGOXCv68tT+jb3vk/RyaKWP0PTKyWtmLSM0b+adUTEvbs1PEaH2w==

ws@^7.2.1:
  version "7.2.1"
  resolved "https://registry.yarnpkg.com/ws/-/ws-7.2.1.tgz#03ed52423cd744084b2cf42ed197c8b65a936b8e"
  integrity sha512-sucePNSafamSKoOqoNfBd8V0StlkzJKL2ZAhGQinCfNQ+oacw+Pk7lcdAElecBF2VkLNZRiIb5Oi1Q5lVUVt2A==
